{
  "name": "quickstart",
  "lockfileVersion": 2,
  "requires": true,
  "packages": {
    "": {
      "name": "quickstart",
      "dependencies": {
        "@types/node": "^18.6.3",
        "edgedb": "^0.21.1",
        "prettier": "^2.7.1",
        "typescript": "^4.7.4"
      }
    },
    "node_modules/@types/node": {
      "version": "18.6.3",
      "resolved": "https://registry.npmjs.org/@types/node/-/node-18.6.3.tgz",
      "integrity": "sha512-6qKpDtoaYLM+5+AFChLhHermMQxc3TOEFIDzrZLPRGHPrLEwqFkkT5Kx3ju05g6X7uDPazz3jHbKPX0KzCjntg=="
    },
    "node_modules/edgedb": {
      "version": "0.21.1",
      "resolved": "https://registry.npmjs.org/edgedb/-/edgedb-0.21.1.tgz",
      "integrity": "sha512-bW6UHyXJ9Rsgm5elC4BDRhBVcATg88IAX9tlfwkqFOGB7MumSbPygImnSd+DOlgmuzL4x6a+m7ckhDRDxNoolg==",
      "bin": {
        "edgeql-js": "dist/reflection/cli.js"
      },
      "engines": {
        "node": ">= 10.0.0"
      }
    },
    "node_modules/prettier": {
      "version": "2.7.1",
      "resolved": "https://registry.npmjs.org/prettier/-/prettier-2.7.1.tgz",
      "integrity": "sha512-ujppO+MkdPqoVINuDFDRLClm7D78qbDt0/NR+wp5FqEZOoTNAjPHWj17QRhu7geIHJfcNhRk1XVQmF8Bp3ye+g==",
      "bin": {
        "prettier": "bin-prettier.js"
      },
      "engines": {
        "node": ">=10.13.0"
      },
      "funding": {
        "url": "https://github.com/prettier/prettier?sponsor=1"
      }
    },
    "node_modules/typescript": {
      "version": "4.7.4",
      "resolved": "https://registry.npmjs.org/typescript/-/typescript-4.7.4.tgz",
      "integrity": "sha512-C0WQT0gezHuw6AdY1M2jxUO83Rjf0HP7Sk1DtXj6j1EwkQNZrHAg2XPWlq62oqEhYvONq5pkC2Y9oPljWToLmQ==",
      "bin": {
        "tsc": "bin/tsc",
        "tsserver": "bin/tsserver"
      },
      "engines": {
        "node": ">=4.2.0"
      }
    }
  },
  "dependencies": {
    "@types/node": {
      "version": "18.6.3",
      "resolved": "https://registry.npmjs.org/@types/node/-/node-18.6.3.tgz",
      "integrity": "sha512-6qKpDtoaYLM+5+AFChLhHermMQxc3TOEFIDzrZLPRGHPrLEwqFkkT5Kx3ju05g6X7uDPazz3jHbKPX0KzCjntg=="
    },
    "edgedb": {
      "version": "0.21.1",
      "resolved": "https://registry.npmjs.org/edgedb/-/edgedb-0.21.1.tgz",
      "integrity": "sha512-bW6UHyXJ9Rsgm5elC4BDRhBVcATg88IAX9tlfwkqFOGB7MumSbPygImnSd+DOlgmuzL4x6a+m7ckhDRDxNoolg=="
    },
    "prettier": {
      "version": "2.7.1",
      "resolved": "https://registry.npmjs.org/prettier/-/prettier-2.7.1.tgz",
      "integrity": "sha512-ujppO+MkdPqoVINuDFDRLClm7D78qbDt0/NR+wp5FqEZOoTNAjPHWj17QRhu7geIHJfcNhRk1XVQmF8Bp3ye+g=="
    },
    "typescript": {
      "version": "4.7.4",
      "resolved": "https://registry.npmjs.org/typescript/-/typescript-4.7.4.tgz",
      "integrity": "sha512-C0WQT0gezHuw6AdY1M2jxUO83Rjf0HP7Sk1DtXj6j1EwkQNZrHAg2XPWlq62oqEhYvONq5pkC2Y9oPljWToLmQ=="
    }
  }
}
